{
  "nodes": {
    "flake-utils": {
      "locked": {
        "lastModified": 1634851050,
        "narHash": "sha256-N83GlSGPJJdcqhUxSCS/WwW5pksYf3VP1M13cDRTSVA=",
        "owner": "numtide",
        "repo": "flake-utils",
        "rev": "c91f3de5adaf1de973b797ef7485e441a65b8935",
        "type": "github"
      },
      "original": {
        "owner": "numtide",
        "repo": "flake-utils",
        "type": "github"
      }
    },
    "nixpkgs": {
      "locked": {
        "lastModified": 1638097282,
        "narHash": "sha256-EXCzj9b8X/lqDPJapxZThIOKL5ASbpsJZ+8L1LnY1ig=",
        "owner": "nixos",
        "repo": "nixpkgs",
        "rev": "78cb77b29d37a9663e05b61abb4fa09465da4b70",
        "type": "github"
      },
      "original": {
        "owner": "nixos",
        "ref": "nixpkgs-unstable",
        "repo": "nixpkgs",
        "type": "github"
      }
    },
    "root": {
      "inputs": {
        "flake-utils": "flake-utils",
        "nixpkgs": "nixpkgs"
      }
    }
  },
  "root": "root",
  "version": 7
}
