{
  "nodes": {
    "flake-parts": {
      "inputs": {
        "nixpkgs-lib": "nixpkgs-lib"
      },
      "locked": {
        "lastModified": 1683560683,
        "narHash": "sha256-XAygPMN5Xnk/W2c1aW0jyEa6lfMDZWlQgiNtmHXytPc=",
        "owner": "hercules-ci",
        "repo": "flake-parts",
        "rev": "006c75898cf814ef9497252b022e91c946ba8e17",
        "type": "github"
      },
      "original": {
        "owner": "hercules-ci",
        "repo": "flake-parts",
        "type": "github"
      }
    },
    "flake-utils": {
      "locked": {
        "lastModified": 1642700792,
        "narHash": "sha256-XqHrk7hFb+zBvRg6Ghl+AZDq03ov6OshJLiSWOoX5es=",
        "owner": "numtide",
        "repo": "flake-utils",
        "rev": "846b2ae0fc4cc943637d3d1def4454213e203cba",
        "type": "github"
      },
      "original": {
        "owner": "numtide",
        "repo": "flake-utils",
        "type": "github"
      }
    },
    "mach-nix": {
      "inputs": {
        "flake-utils": "flake-utils",
        "nixpkgs": "nixpkgs",
        "pypi-deps-db": "pypi-deps-db"
      },
      "locked": {
        "lastModified": 1654084003,
        "narHash": "sha256-j/XrVVistvM+Ua+0tNFvO5z83isL+LBgmBi9XppxuKA=",
        "owner": "DavHau",
        "repo": "mach-nix",
        "rev": "7e14360bde07dcae32e5e24f366c83272f52923f",
        "type": "github"
      },
      "original": {
        "owner": "DavHau",
        "ref": "3.5.0",
        "repo": "mach-nix",
        "type": "github"
      }
    },
    "nixpkgs": {
      "locked": {
        "lastModified": 1643805626,
        "narHash": "sha256-AXLDVMG+UaAGsGSpOtQHPIKB+IZ0KSd9WS77aanGzgc=",
        "owner": "NixOS",
        "repo": "nixpkgs",
        "rev": "554d2d8aa25b6e583575459c297ec23750adb6cb",
        "type": "github"
      },
      "original": {
        "id": "nixpkgs",
        "ref": "nixos-unstable",
        "type": "indirect"
      }
    },
    "nixpkgs-lib": {
      "locked": {
        "dir": "lib",
        "lastModified": 1682879489,
        "narHash": "sha256-sASwo8gBt7JDnOOstnps90K1wxmVfyhsTPPNTGBPjjg=",
        "owner": "NixOS",
        "repo": "nixpkgs",
        "rev": "da45bf6ec7bbcc5d1e14d3795c025199f28e0de0",
        "type": "github"
      },
      "original": {
        "dir": "lib",
        "owner": "NixOS",
        "ref": "nixos-unstable",
        "repo": "nixpkgs",
        "type": "github"
      }
    },
    "nixpkgs_2": {
      "locked": {
        "lastModified": 1646470760,
        "narHash": "sha256-dQISyucVCCPaFioUhy5ZgfBz8rOMKGI8k13aPDFTqEs=",
        "owner": "NixOS",
        "repo": "nixpkgs",
        "rev": "1fc7212a2c3992eedc6eedf498955c321ad81cc2",
        "type": "github"
      },
      "original": {
        "owner": "NixOS",
        "ref": "nixpkgs-unstable",
        "repo": "nixpkgs",
        "type": "github"
      }
    },
    "pypi-deps-db": {
      "flake": false,
      "locked": {
        "lastModified": 1643877077,
        "narHash": "sha256-jv8pIvRFTP919GybOxXE5TfOkrjTbdo9QiCO1TD3ZaY=",
        "owner": "DavHau",
        "repo": "pypi-deps-db",
        "rev": "da53397f0b782b0b18deb72ef8e0fb5aa7c98aa3",
        "type": "github"
      },
      "original": {
        "owner": "DavHau",
        "repo": "pypi-deps-db",
        "type": "github"
      }
    },
    "root": {
      "inputs": {
        "flake-parts": "flake-parts",
        "mach-nix": "mach-nix",
        "nixpkgs": "nixpkgs_2"
      }
    }
  },
  "root": "root",
  "version": 7
}
