{
  "name": "ccusage",
  "lockfileVersion": 3,
  "requires": true,
  "packages": {
    "": {
      "dependencies": {
        "ccusage": "^17.1.3"
      }
    },
    "node_modules/ccusage": {
      "version": "17.1.3",
      "resolved": "https://registry.npmjs.org/ccusage/-/ccusage-17.1.3.tgz",
      "integrity": "sha512-1fgnlS3kLQo61m7Nz5AUj7le57+K6JaSN5KC0/hD+oNzRvg6Uss0TNKLCuIjNjm7b0LCiN+4DjKSNHJWCiAwxg==",
      "license": "MIT",
      "bin": {
        "ccusage": "dist/index.js"
      },
      "engines": {
        "node": ">=20.19.4"
      },
      "funding": {
        "url": "https://github.com/ryoppippi/ccusage?sponsor=1"
      }
    }
  }
}
