{
  "name": "ccusage",
  "lockfileVersion": 3,
  "requires": true,
  "packages": {
    "": {
      "dependencies": {
        "ccusage": "^17.2.1"
      }
    },
    "node_modules/ccusage": {
      "version": "17.2.1",
      "resolved": "https://registry.npmjs.org/ccusage/-/ccusage-17.2.1.tgz",
      "integrity": "sha512-++F9rwk7EHsNyuCfs0D2vHyT/G0kaS3GVHhyh4BJ+dVKm0W4a/Mkld9lXGesgQzMnI6uE0V5RgmB/2Jf8zR7yg==",
      "license": "MIT",
      "bin": {
        "ccusage": "dist/index.js"
      },
      "engines": {
        "node": ">=20.19.4"
      },
      "funding": {
        "url": "https://github.com/ryoppippi/ccusage?sponsor=1"
      }
    }
  }
}
