{
  "name": "ccusage",
  "lockfileVersion": 3,
  "requires": true,
  "packages": {
    "": {
      "dependencies": {
        "ccusage": "^17.1.0"
      }
    },
    "node_modules/ccusage": {
      "version": "17.1.0",
      "resolved": "https://registry.npmjs.org/ccusage/-/ccusage-17.1.0.tgz",
      "integrity": "sha512-Ti/1hcE5lEs6vgLKOEl/rBuvLGbPIZL9eiWLjU8o6MoAKBNUQtA+Aw4CtNtzfjC3RHcZpmeHnM6Q5xwJ/XSq4A==",
      "license": "MIT",
      "bin": {
        "ccusage": "dist/index.js"
      },
      "engines": {
        "node": ">=20.19.4"
      },
      "funding": {
        "url": "https://github.com/ryoppippi/ccusage?sponsor=1"
      }
    }
  }
}
